
Microsoft Visual Studio Solution File, Format Version 12.00
# Visual Studio 15
VisualStudioVersion = 15.0.28307.645
MinimumVisualStudioVersion = 10.0.40219.1
Project("{2150E333-8FDC-42A3-9474-1A3956D46DE8}") = "tools", "tools", "{CF3FB014-F209-414A-8332-9B1D0C1C39CF}"
	ProjectSection(SolutionItems) = preProject
		tools\MockedPi.PublicKey = tools\MockedPi.PublicKey
		tools\MockedPi.snk = tools\MockedPi.snk
	EndProjectSection
EndProject
Global
	GlobalSection(SolutionProperties) = preSolution
		HideSolutionNode = FALSE
	EndGlobalSection
	GlobalSection(ExtensibilityGlobals) = postSolution
		SolutionGuid = {C79E1A4E-8075-45E3-9080-6D3BEB4672A0}
	EndGlobalSection
EndGlobal
